<?xml version="1.0" encoding="utf-8"?>
<Project ToolsVersion="4.0" xmlns="http://schemas.microsoft.com/developer/msbuild/2003">
  <ItemGroup>
    <Filter Include="Source Files">
      <UniqueIdentifier>{4FC737F1-C7A5-4376-A066-2A32D752A2FF}</UniqueIdentifier>
      <Extensions>cpp;c;cc;cxx;def;odl;idl;hpj;bat;asm;asmx</Extensions>
    </Filter>
    <Filter Include="Header Files">
      <UniqueIdentifier>{93995380-89BD-4b04-88EB-625FBE52EBFB}</UniqueIdentifier>
      <Extensions>h;hh;hpp;hxx;hm;inl;inc;xsd</Extensions>
    </Filter>
    <Filter Include="Resource Files">
      <UniqueIdentifier>{67DA6AB6-F800-4c08-8B7A-83BB121AAD01}</UniqueIdentifier>
      <Extensions>rc;ico;cur;bmp;dlg;rc2;rct;bin;rgs;gif;jpg;jpeg;jpe;resx;tiff;tif;png;wav;mfcribbon-ms</Extensions>
    </Filter>
    <Filter Include="Source Files\glucose">
      <UniqueIdentifier>{800933c1-5b06-41f1-9c53-fb83bf736e02}</UniqueIdentifier>
    </Filter>
    <Filter Include="Source Files\glucose\core">
      <UniqueIdentifier>{7ed91ac0-aa6e-4775-aa4e-35f1d89e171f}</UniqueIdentifier>
    </Filter>
    <Filter Include="Source Files\glucose\mtl">
      <UniqueIdentifier>{4ae7c650-4c9a-4ab4-a961-71a5bbcc8f23}</UniqueIdentifier>
    </Filter>
    <Filter Include="Source Files\glucose\parallel">
      <UniqueIdentifier>{62e5ac28-bd90-4e9b-b022-8c3c3e9e546e}</UniqueIdentifier>
    </Filter>
    <Filter Include="Source Files\glucose\simp">
      <UniqueIdentifier>{fd240752-5d3f-4f25-8980-1caf5eeb6d9e}</UniqueIdentifier>
    </Filter>
    <Filter Include="Source Files\glucose\utils">
      <UniqueIdentifier>{90e53650-2dd2-4aab-952c-a9de7b36ce6e}</UniqueIdentifier>
    </Filter>
    <Filter Include="Source Files\python">
      <UniqueIdentifier>{c7ddbe75-f693-45de-b794-f5fde71b0ca4}</UniqueIdentifier>
    </Filter>
    <Filter Include="Source Files\mongoose">
      <UniqueIdentifier>{c443ecf8-515a-408e-86a4-73b585c19087}</UniqueIdentifier>
    </Filter>
  </ItemGroup>
  <ItemGroup>
    <ClCompile Include="arith.c">
      <Filter>Source Files</Filter>
    </ClCompile>
    <ClCompile Include="assert.c">
      <Filter>Source Files</Filter>
    </ClCompile>
    <ClCompile Include="bigint.c">
      <Filter>Source Files</Filter>
    </ClCompile>
    <ClCompile Include="bp_regex.c">
      <Filter>Source Files</Filter>
    </ClCompile>
    <ClCompile Include="builtins.c">
      <Filter>Source Files</Filter>
    </ClCompile>
    <ClCompile Include="cadical_picat.c">
      <Filter>Source Files</Filter>
    </ClCompile>
    <ClCompile Include="cfd.c">
      <Filter>Source Files</Filter>
    </ClCompile>
    <ClCompile Include="clause.c">
      <Filter>Source Files</Filter>
    </ClCompile>
    <ClCompile Include="clpfd.c">
      <Filter>Source Files</Filter>
    </ClCompile>
    <ClCompile Include="clpfd_libs.c">
      <Filter>Source Files</Filter>
    </ClCompile>
    <ClCompile Include="cpreds.c">
      <Filter>Source Files</Filter>
    </ClCompile>
    <ClCompile Include="ctest.c">
      <Filter>Source Files</Filter>
    </ClCompile>
    <ClCompile Include="debug.c">
      <Filter>Source Files</Filter>
    </ClCompile>
    <ClCompile Include="delay.c">
      <Filter>Source Files</Filter>
    </ClCompile>
    <ClCompile Include="dis.c">
      <Filter>Source Files</Filter>
    </ClCompile>
    <ClCompile Include="domain.c">
      <Filter>Source Files</Filter>
    </ClCompile>
    <ClCompile Include="espresso_bp.c">
      <Filter>Source Files</Filter>
    </ClCompile>
    <ClCompile Include="event.c">
      <Filter>Source Files</Filter>
    </ClCompile>
    <ClCompile Include="expand.c">
      <Filter>Source Files</Filter>
    </ClCompile>
    <ClCompile Include="file.c">
      <Filter>Source Files</Filter>
    </ClCompile>
    <ClCompile Include="findall.c">
      <Filter>Source Files</Filter>
    </ClCompile>
    <ClCompile Include="float1.c">
      <Filter>Source Files</Filter>
    </ClCompile>
    <ClCompile Include="gcheap.c">
      <Filter>Source Files</Filter>
    </ClCompile>
    <ClCompile Include="gcqueue.c">
      <Filter>Source Files</Filter>
    </ClCompile>
    <ClCompile Include="gcstack.c">
      <Filter>Source Files</Filter>
    </ClCompile>
    <ClCompile Include="getline.c">
      <Filter>Source Files</Filter>
    </ClCompile>
    <ClCompile Include="global.c">
      <Filter>Source Files</Filter>
    </ClCompile>
    <ClCompile Include="glpk_bp.c">
      <Filter>Source Files</Filter>
    </ClCompile>
    <ClCompile Include="init.c">
      <Filter>Source Files</Filter>
    </ClCompile>
    <ClCompile Include="init_sym.c">
      <Filter>Source Files</Filter>
    </ClCompile>
    <ClCompile Include="inst_inf.c">
      <Filter>Source Files</Filter>
    </ClCompile>
    <ClCompile Include="jmp_table.c">
      <Filter>Source Files</Filter>
    </ClCompile>
    <ClCompile Include="kapi.c">
      <Filter>Source Files</Filter>
    </ClCompile>
    <ClCompile Include="load_inst.c">
      <Filter>Source Files</Filter>
    </ClCompile>
    <ClCompile Include="loader.c">
      <Filter>Source Files</Filter>
    </ClCompile>
    <ClCompile Include="main.c">
      <Filter>Source Files</Filter>
    </ClCompile>
    <ClCompile Include="mic.c">
      <Filter>Source Files</Filter>
    </ClCompile>
    <ClCompile Include="numbervars.c">
      <Filter>Source Files</Filter>
    </ClCompile>
    <ClCompile Include="plc_java.c">
      <Filter>Source Files</Filter>
    </ClCompile>
    <ClCompile Include="qc.c">
      <Filter>Source Files</Filter>
    </ClCompile>
    <ClCompile Include="sapi.c">
      <Filter>Source Files</Filter>
    </ClCompile>
    <ClCompile Include="sat_bp.c">
      <Filter>Source Files</Filter>
    </ClCompile>
    <ClCompile Include="table.c">
      <Filter>Source Files</Filter>
    </ClCompile>
    <ClCompile Include="toam.c">
      <Filter>Source Files</Filter>
    </ClCompile>
    <ClCompile Include="toamprofile.c">
      <Filter>Source Files</Filter>
    </ClCompile>
    <ClCompile Include="token.c">
      <Filter>Source Files</Filter>
    </ClCompile>
    <ClCompile Include="unify.c">
      <Filter>Source Files</Filter>
    </ClCompile>
    <ClCompile Include="univ.c">
      <Filter>Source Files</Filter>
    </ClCompile>
    <ClCompile Include="python_interface_utility.c">
      <Filter>Source Files\python</Filter>
    </ClCompile>
    <ClCompile Include="picat_to_python.c">
      <Filter>Source Files\python</Filter>
    </ClCompile>
    <ClCompile Include="python_to_picat.c">
      <Filter>Source Files\python</Filter>
    </ClCompile>
    <ClCompile Include="glucose\core\Solver.cc">
      <Filter>Source Files\glucose\core</Filter>
    </ClCompile>
    <ClCompile Include="glucose\parallel\SolverConfiguration.cc">
      <Filter>Source Files\glucose\parallel</Filter>
    </ClCompile>
    <ClCompile Include="glucose\parallel\ClausesBuffer.cc">
      <Filter>Source Files\glucose\parallel</Filter>
    </ClCompile>
    <ClCompile Include="glucose\parallel\Main.cc">
      <Filter>Source Files\glucose\parallel</Filter>
    </ClCompile>
    <ClCompile Include="glucose\parallel\MultiSolvers.cc">
      <Filter>Source Files\glucose\parallel</Filter>
    </ClCompile>
    <ClCompile Include="glucose\parallel\ParallelSolver.cc">
      <Filter>Source Files\glucose\parallel</Filter>
    </ClCompile>
    <ClCompile Include="glucose\parallel\SharedCompanion.cc">
      <Filter>Source Files\glucose\parallel</Filter>
    </ClCompile>
    <ClCompile Include="glucose\parallel\SolverCompanion.cc">
      <Filter>Source Files\glucose\parallel</Filter>
    </ClCompile>
    <ClCompile Include="glucose\simp\Main.cc">
      <Filter>Source Files\glucose\simp</Filter>
    </ClCompile>
    <ClCompile Include="glucose\simp\SimpSolver.cc">
      <Filter>Source Files\glucose\simp</Filter>
    </ClCompile>
    <ClCompile Include="glucose\utils\Options.cc">
      <Filter>Source Files\glucose\utils</Filter>
    </ClCompile>
    <ClCompile Include="glucose\utils\System.cc">
      <Filter>Source Files\glucose\utils</Filter>
    </ClCompile>
    <ClCompile Include="glucose_interface.cpp">
      <Filter>Source Files\glucose</Filter>
    </ClCompile>
    <ClCompile Include="mongoose\mongoose.c">
      <Filter>Source Files\mongoose</Filter>
    </ClCompile>
    <ClCompile Include="mongoose_interface.c">
      <Filter>Source Files\mongoose</Filter>
    </ClCompile>
  </ItemGroup>
  <ItemGroup>
    <ClInclude Include="bapi.h">
      <Filter>Header Files</Filter>
    </ClInclude>
    <ClInclude Include="basic.h">
      <Filter>Header Files</Filter>
    </ClInclude>
    <ClInclude Include="basicd.h">
      <Filter>Header Files</Filter>
    </ClInclude>
    <ClInclude Include="bprolog.h">
      <Filter>Header Files</Filter>
    </ClInclude>
    <ClInclude Include="bprolog_cg_cgevent.h">
      <Filter>Header Files</Filter>
    </ClInclude>
    <ClInclude Include="bprolog_plc_plc.h">
      <Filter>Header Files</Filter>
    </ClInclude>
    <ClInclude Include="clpfd.h">
      <Filter>Header Files</Filter>
    </ClInclude>
    <ClInclude Include="dis_inst.h">
      <Filter>Header Files</Filter>
    </ClInclude>
    <ClInclude Include="dynamic.h">
      <Filter>Header Files</Filter>
    </ClInclude>
    <ClInclude Include="emu_inst.h">
      <Filter>Header Files</Filter>
    </ClInclude>
    <ClInclude Include="event.h">
      <Filter>Header Files</Filter>
    </ClInclude>
    <ClInclude Include="extern_decl.h">
      <Filter>Header Files</Filter>
    </ClInclude>
    <ClInclude Include="frame.h">
      <Filter>Header Files</Filter>
    </ClInclude>
    <ClInclude Include="fzn_picat_cp_bc.h">
      <Filter>Header Files</Filter>
    </ClInclude>
    <ClInclude Include="fzn_picat_mip_bc.h">
      <Filter>Header Files</Filter>
    </ClInclude>
    <ClInclude Include="fzn_picat_sat_bc.h">
      <Filter>Header Files</Filter>
    </ClInclude>
    <ClInclude Include="gc.h">
      <Filter>Header Files</Filter>
    </ClInclude>
    <ClInclude Include="getline.h">
      <Filter>Header Files</Filter>
    </ClInclude>
    <ClInclude Include="inst.h">
      <Filter>Header Files</Filter>
    </ClInclude>
    <ClInclude Include="kapi.h">
      <Filter>Header Files</Filter>
    </ClInclude>
    <ClInclude Include="load_inst.h">
      <Filter>Header Files</Filter>
    </ClInclude>
    <ClInclude Include="load_inst_frombplist.h">
      <Filter>Header Files</Filter>
    </ClInclude>
    <ClInclude Include="load_inst_fromcarray.h">
      <Filter>Header Files</Filter>
    </ClInclude>
    <ClInclude Include="pb_picat_bc.h">
      <Filter>Header Files</Filter>
    </ClInclude>
    <ClInclude Include="picat.h">
      <Filter>Header Files</Filter>
    </ClInclude>
    <ClInclude Include="picat_bc.h">
      <Filter>Header Files</Filter>
    </ClInclude>
    <ClInclude Include="sapi.h">
      <Filter>Header Files</Filter>
    </ClInclude>
    <ClInclude Include="term.h">
      <Filter>Header Files</Filter>
    </ClInclude>
    <ClInclude Include="toam.h">
      <Filter>Header Files</Filter>
    </ClInclude>
    <ClInclude Include="python_interface_utility.h">
      <Filter>Source Files\python</Filter>
    </ClInclude>
    <ClInclude Include="glucose\core\BoundedQueue.h">
      <Filter>Source Files\glucose\core</Filter>
    </ClInclude>
    <ClInclude Include="glucose\core\Constants.h">
      <Filter>Source Files\glucose\core</Filter>
    </ClInclude>
    <ClInclude Include="glucose\core\Dimacs.h">
      <Filter>Source Files\glucose\core</Filter>
    </ClInclude>
    <ClInclude Include="glucose\core\Solver.h">
      <Filter>Source Files\glucose\core</Filter>
    </ClInclude>
    <ClInclude Include="glucose\core\SolverStats.h">
      <Filter>Source Files\glucose\core</Filter>
    </ClInclude>
    <ClInclude Include="glucose\core\SolverTypes.h">
      <Filter>Source Files\glucose\core</Filter>
    </ClInclude>
    <ClInclude Include="glucose\mtl\Alg.h">
      <Filter>Source Files\glucose\mtl</Filter>
    </ClInclude>
    <ClInclude Include="glucose\mtl\Alloc.h">
      <Filter>Source Files\glucose\mtl</Filter>
    </ClInclude>
    <ClInclude Include="glucose\mtl\Clone.h">
      <Filter>Source Files\glucose\mtl</Filter>
    </ClInclude>
    <ClInclude Include="glucose\mtl\Heap.h">
      <Filter>Source Files\glucose\mtl</Filter>
    </ClInclude>
    <ClInclude Include="glucose\mtl\IntTypes.h">
      <Filter>Source Files\glucose\mtl</Filter>
    </ClInclude>
    <ClInclude Include="glucose\mtl\Map.h">
      <Filter>Source Files\glucose\mtl</Filter>
    </ClInclude>
    <ClInclude Include="glucose\mtl\Queue.h">
      <Filter>Source Files\glucose\mtl</Filter>
    </ClInclude>
    <ClInclude Include="glucose\mtl\Sort.h">
      <Filter>Source Files\glucose\mtl</Filter>
    </ClInclude>
    <ClInclude Include="glucose\mtl\Vec.h">
      <Filter>Source Files\glucose\mtl</Filter>
    </ClInclude>
    <ClInclude Include="glucose\mtl\VecThreads.h">
      <Filter>Source Files\glucose\mtl</Filter>
    </ClInclude>
    <ClInclude Include="glucose\mtl\XAlloc.h">
      <Filter>Source Files\glucose\mtl</Filter>
    </ClInclude>
    <ClInclude Include="glucose\parallel\ClausesBuffer.h">
      <Filter>Source Files\glucose\parallel</Filter>
    </ClInclude>
    <ClInclude Include="glucose\parallel\MultiSolvers.h">
      <Filter>Source Files\glucose\parallel</Filter>
    </ClInclude>
    <ClInclude Include="glucose\parallel\ParallelSolver.h">
      <Filter>Source Files\glucose\parallel</Filter>
    </ClInclude>
    <ClInclude Include="glucose\parallel\SharedCompanion.h">
      <Filter>Source Files\glucose\parallel</Filter>
    </ClInclude>
    <ClInclude Include="glucose\parallel\SolverCompanion.h">
      <Filter>Source Files\glucose\parallel</Filter>
    </ClInclude>
    <ClInclude Include="glucose\parallel\SolverConfiguration.h">
      <Filter>Source Files\glucose\parallel</Filter>
    </ClInclude>
    <ClInclude Include="glucose\simp\libio.h">
      <Filter>Source Files\glucose\simp</Filter>
    </ClInclude>
    <ClInclude Include="glucose\simp\SimpSolver.h">
      <Filter>Source Files\glucose\simp</Filter>
    </ClInclude>
    <ClInclude Include="glucose\utils\Options.h">
      <Filter>Source Files\glucose\utils</Filter>
    </ClInclude>
    <ClInclude Include="glucose\utils\ParseUtils.h">
      <Filter>Source Files\glucose\utils</Filter>
    </ClInclude>
    <ClInclude Include="glucose\utils\System.h">
      <Filter>Source Files\glucose\utils</Filter>
    </ClInclude>
    <ClInclude Include="glucose_interface.h">
      <Filter>Source Files\glucose</Filter>
    </ClInclude>
    <ClInclude Include="mongoose\mongoose.h">
      <Filter>Source Files\mongoose</Filter>
    </ClInclude>
  </ItemGroup>
  <ItemGroup>
    <None Include="..\README.md">
      <Filter>Resource Files</Filter>
    </None>
    <None Include="python.pi">
      <Filter>Source Files\python</Filter>
    </None>
  </ItemGroup>
</Project>